
Microsoft Visual Studio Solution File, Format Version 12.00
# Visual Studio 15
VisualStudioVersion = 15.0.28307.757
MinimumVisualStudioVersion = 10.0.40219.1
Project("{FAE04EC0-301F-11D3-BF4B-00C04F79EFBC}") = "PjatkArchExample.Domain", "PjatkArchExample.Domain\PjatkArchExample.Domain.csproj", "{A7B9C76F-1091-4649-84F8-C1F0D05FCE17}"
EndProject
Project("{FAE04EC0-301F-11D3-BF4B-00C04F79EFBC}") = "PjatkArchExample.Persistance", "PjatkArchExample.Persistance\PjatkArchExample.Persistance.csproj", "{DCCA031E-0D7E-45F8-9638-8B2349E3820D}"
EndProject
Project("{FAE04EC0-301F-11D3-BF4B-00C04F79EFBC}") = "PjatkArchExample.UI", "PjatkArchExample.UI\PjatkArchExample.UI.csproj", "{3BC48A1D-7357-400D-8E0E-C81842D84606}"
EndProject
Global
	GlobalSection(SolutionConfigurationPlatforms) = preSolution
		Debug|Any CPU = Debug|Any CPU
		Release|Any CPU = Release|Any CPU
	EndGlobalSection
	GlobalSection(ProjectConfigurationPlatforms) = postSolution
		{A7B9C76F-1091-4649-84F8-C1F0D05FCE17}.Debug|Any CPU.ActiveCfg = Debug|Any CPU
		{A7B9C76F-1091-4649-84F8-C1F0D05FCE17}.Debug|Any CPU.Build.0 = Debug|Any CPU
		{A7B9C76F-1091-4649-84F8-C1F0D05FCE17}.Release|Any CPU.ActiveCfg = Release|Any CPU
		{A7B9C76F-1091-4649-84F8-C1F0D05FCE17}.Release|Any CPU.Build.0 = Release|Any CPU
		{DCCA031E-0D7E-45F8-9638-8B2349E3820D}.Debug|Any CPU.ActiveCfg = Debug|Any CPU
		{DCCA031E-0D7E-45F8-9638-8B2349E3820D}.Debug|Any CPU.Build.0 = Debug|Any CPU
		{DCCA031E-0D7E-45F8-9638-8B2349E3820D}.Release|Any CPU.ActiveCfg = Release|Any CPU
		{DCCA031E-0D7E-45F8-9638-8B2349E3820D}.Release|Any CPU.Build.0 = Release|Any CPU
		{3BC48A1D-7357-400D-8E0E-C81842D84606}.Debug|Any CPU.ActiveCfg = Debug|Any CPU
		{3BC48A1D-7357-400D-8E0E-C81842D84606}.Debug|Any CPU.Build.0 = Debug|Any CPU
		{3BC48A1D-7357-400D-8E0E-C81842D84606}.Release|Any CPU.ActiveCfg = Release|Any CPU
		{3BC48A1D-7357-400D-8E0E-C81842D84606}.Release|Any CPU.Build.0 = Release|Any CPU
	EndGlobalSection
	GlobalSection(SolutionProperties) = preSolution
		HideSolutionNode = FALSE
	EndGlobalSection
	GlobalSection(ExtensibilityGlobals) = postSolution
		SolutionGuid = {532BCA39-ADB4-4817-902E-BA402D520966}
	EndGlobalSection
EndGlobal
